// !$*UTF8*$!
{
	archiveVersion = 1;
	classes = {
	};
	objectVersion = 46;
	objects = {

/* Begin PBXBuildFile section */
		A4257EA31CFFC5B200DACCA6 /* Foundation.framework in Frameworks */ = {isa = PBXBuildFile; fileRef = A4257EA21CFFC5B200DACCA6 /* Foundation.framework */; };
		A4257EAE1CFFC5B200DACCA6 /* demo.mm in Sources */ = {isa = PBXBuildFile; fileRef = A4257EAD1CFFC5B200DACCA6 /* demo.mm */; };
		A4257EB91CFFC5CA00DACCA6 /* UIKit.framework in Frameworks */ = {isa = PBXBuildFile; fileRef = A4257EB81CFFC5CA00DACCA6 /* UIKit.framework */; };
		A4257EBB1CFFC5FC00DACCA6 /* libsubstrate.dylib in Frameworks */ = {isa = PBXBuildFile; fileRef = A4257EBA1CFFC5FC00DACCA6 /* libsubstrate.dylib */; };
		A482AF8F1CFFDA79009ADCFC /* Entrance.h in Headers */ = {isa = PBXBuildFile; fileRef = A482AF8D1CFFDA79009ADCFC /* Entrance.h */; };
		A482AF901CFFDA79009ADCFC /* Entrance.m in Sources */ = {isa = PBXBuildFile; fileRef = A482AF8E1CFFDA79009ADCFC /* Entrance.m */; };
		A482AF971CFFDC4F009ADCFC /* MainViewController.h in Headers */ = {isa = PBXBuildFile; fileRef = A482AF931CFFDC4F009ADCFC /* MainViewController.h */; };
		A482AF981CFFDC4F009ADCFC /* MainViewController.m in Sources */ = {isa = PBXBuildFile; fileRef = A482AF941CFFDC4F009ADCFC /* MainViewController.m */; };
		A482AF9A1CFFDE6B009ADCFC /* CoreGraphics.framework in Frameworks */ = {isa = PBXBuildFile; fileRef = A482AF991CFFDE6B009ADCFC /* CoreGraphics.framework */; };
		A482AF9C1CFFDE98009ADCFC /* QuartzCore.framework in Frameworks */ = {isa = PBXBuildFile; fileRef = A482AF9B1CFFDE98009ADCFC /* QuartzCore.framework */; };
		A482AF9F1CFFDF96009ADCFC /* CustomWindow.h in Headers */ = {isa = PBXBuildFile; fileRef = A482AF9D1CFFDF96009ADCFC /* CustomWindow.h */; };
		A482AFA01CFFDF96009ADCFC /* CustomWindow.m in Sources */ = {isa = PBXBuildFile; fileRef = A482AF9E1CFFDF96009ADCFC /* CustomWindow.m */; };
		A482AFAA1D0004F6009ADCFC /* ALApplicationList.h in Headers */ = {isa = PBXBuildFile; fileRef = A482AFA61D0004F6009ADCFC /* ALApplicationList.h */; };
		A482AFAB1D0004F6009ADCFC /* ALApplicationTableDataSource.h in Headers */ = {isa = PBXBuildFile; fileRef = A482AFA71D0004F6009ADCFC /* ALApplicationTableDataSource.h */; };
		A482AFAC1D0004F6009ADCFC /* ALValueCell.h in Headers */ = {isa = PBXBuildFile; fileRef = A482AFA81D0004F6009ADCFC /* ALValueCell.h */; };
		A482AFAD1D0004F6009ADCFC /* AppList.h in Headers */ = {isa = PBXBuildFile; fileRef = A482AFA91D0004F6009ADCFC /* AppList.h */; };
		A482AFB51D0013EC009ADCFC /* ESPopoverView.h in Headers */ = {isa = PBXBuildFile; fileRef = A482AFB31D0013EC009ADCFC /* ESPopoverView.h */; };
		A482AFB61D0013EC009ADCFC /* ESPopoverView.m in Sources */ = {isa = PBXBuildFile; fileRef = A482AFB41D0013EC009ADCFC /* ESPopoverView.m */; };
		A482AFE21D0047B6009ADCFC /* main.m in Sources */ = {isa = PBXBuildFile; fileRef = A482AFE11D0047B6009ADCFC /* main.m */; };
		A482AFE51D0047B6009ADCFC /* AppDelegate.m in Sources */ = {isa = PBXBuildFile; fileRef = A482AFE41D0047B6009ADCFC /* AppDelegate.m */; };
		A482AFE81D0047B6009ADCFC /* ViewController.m in Sources */ = {isa = PBXBuildFile; fileRef = A482AFE71D0047B6009ADCFC /* ViewController.m */; };
		A482AFEB1D0047B6009ADCFC /* Main.storyboard in Resources */ = {isa = PBXBuildFile; fileRef = A482AFE91D0047B6009ADCFC /* Main.storyboard */; };
		A482AFED1D0047B6009ADCFC /* Assets.xcassets in Resources */ = {isa = PBXBuildFile; fileRef = A482AFEC1D0047B6009ADCFC /* Assets.xcassets */; };
		A482AFF01D0047B6009ADCFC /* LaunchScreen.storyboard in Resources */ = {isa = PBXBuildFile; fileRef = A482AFEE1D0047B6009ADCFC /* LaunchScreen.storyboard */; };
		A482AFF61D004BBB009ADCFC /* libobjcipc.dylib in Frameworks */ = {isa = PBXBuildFile; fileRef = A482AFF51D004BBB009ADCFC /* libobjcipc.dylib */; };
		A482B0131D004DA8009ADCFC /* libobjcipc.dylib in Frameworks */ = {isa = PBXBuildFile; fileRef = A482AFF51D004BBB009ADCFC /* libobjcipc.dylib */; };
		CC4BE23D1D00889100124B96 /* libapplist.dylib in Frameworks */ = {isa = PBXBuildFile; fileRef = CC4BE23C1D00889100124B96 /* libapplist.dylib */; };
		CC4BE23E1D0088F500124B96 /* libapplist.dylib in Frameworks */ = {isa = PBXBuildFile; fileRef = CC4BE23C1D00889100124B96 /* libapplist.dylib */; };
		CC4BE2411D00930E00124B96 /* ActionMenu.h in Headers */ = {isa = PBXBuildFile; fileRef = CC4BE23F1D00930E00124B96 /* ActionMenu.h */; };
		CC4BE2451D00942000124B96 /* UIResponder+AMExample.h in Headers */ = {isa = PBXBuildFile; fileRef = CC4BE2431D00942000124B96 /* UIResponder+AMExample.h */; };
		CC4BE2461D00942000124B96 /* UIResponder+AMExample.m in Sources */ = {isa = PBXBuildFile; fileRef = CC4BE2441D00942000124B96 /* UIResponder+AMExample.m */; };
/* End PBXBuildFile section */

/* Begin PBXFileReference section */
		A4257E9F1CFFC5B200DACCA6 /* demo.dylib */ = {isa = PBXFileReference; explicitFileType = "compiled.mach-o.dylib"; includeInIndex = 0; path = demo.dylib; sourceTree = BUILT_PRODUCTS_DIR; };
		A4257EA21CFFC5B200DACCA6 /* Foundation.framework */ = {isa = PBXFileReference; lastKnownFileType = wrapper.framework; name = Foundation.framework; path = System/Library/Frameworks/Foundation.framework; sourceTree = SDKROOT; };
		A4257EA71CFFC5B200DACCA6 /* control.txt */ = {isa = PBXFileReference; lastKnownFileType = text; name = control.txt; path = Package/DEBIAN/control.txt; sourceTree = "<group>"; };
		A4257EA81CFFC5B200DACCA6 /* control */ = {isa = PBXFileReference; lastKnownFileType = text; name = control; path = Package/DEBIAN/control; sourceTree = "<group>"; };
		A4257EAA1CFFC5B200DACCA6 /* PackageVersion.plist */ = {isa = PBXFileReference; lastKnownFileType = text.plist.xml; path = PackageVersion.plist; sourceTree = "<group>"; };
		A4257EAB1CFFC5B200DACCA6 /* demo-Prefix.pch */ = {isa = PBXFileReference; lastKnownFileType = sourcecode.c.h; path = "demo-Prefix.pch"; sourceTree = "<group>"; };
		A4257EAC1CFFC5B200DACCA6 /* demo.xm */ = {isa = PBXFileReference; lastKnownFileType = sourcecode.cpp.objcpp; path = demo.xm; sourceTree = "<group>"; xcLanguageSpecificationIdentifier = xcode.lang.objcpp; };
		A4257EAD1CFFC5B200DACCA6 /* demo.mm */ = {isa = PBXFileReference; lastKnownFileType = sourcecode.cpp.objcpp; path = demo.mm; sourceTree = "<group>"; };
		A4257EB21CFFC5B200DACCA6 /* demo.plist */ = {isa = PBXFileReference; lastKnownFileType = text.plist.xml; name = demo.plist; path = Package/Library/MobileSubstrate/DynamicLibraries/demo.plist; sourceTree = "<group>"; };
		A4257EB81CFFC5CA00DACCA6 /* UIKit.framework */ = {isa = PBXFileReference; lastKnownFileType = wrapper.framework; name = UIKit.framework; path = System/Library/Frameworks/UIKit.framework; sourceTree = SDKROOT; };
		A4257EBA1CFFC5FC00DACCA6 /* libsubstrate.dylib */ = {isa = PBXFileReference; lastKnownFileType = "compiled.mach-o.dylib"; name = libsubstrate.dylib; path = ../../../../../opt/iOSOpenDev/lib/libsubstrate.dylib; sourceTree = "<group>"; };
		A482AF8D1CFFDA79009ADCFC /* Entrance.h */ = {isa = PBXFileReference; fileEncoding = 4; lastKnownFileType = sourcecode.c.h; path = Entrance.h; sourceTree = "<group>"; };
		A482AF8E1CFFDA79009ADCFC /* Entrance.m */ = {isa = PBXFileReference; fileEncoding = 4; lastKnownFileType = sourcecode.c.objc; path = Entrance.m; sourceTree = "<group>"; };
		A482AF931CFFDC4F009ADCFC /* MainViewController.h */ = {isa = PBXFileReference; fileEncoding = 4; lastKnownFileType = sourcecode.c.h; path = MainViewController.h; sourceTree = "<group>"; };
		A482AF941CFFDC4F009ADCFC /* MainViewController.m */ = {isa = PBXFileReference; fileEncoding = 4; lastKnownFileType = sourcecode.c.objc; path = MainViewController.m; sourceTree = "<group>"; };
		A482AF991CFFDE6B009ADCFC /* CoreGraphics.framework */ = {isa = PBXFileReference; lastKnownFileType = wrapper.framework; name = CoreGraphics.framework; path = System/Library/Frameworks/CoreGraphics.framework; sourceTree = SDKROOT; };
		A482AF9B1CFFDE98009ADCFC /* QuartzCore.framework */ = {isa = PBXFileReference; lastKnownFileType = wrapper.framework; name = QuartzCore.framework; path = System/Library/Frameworks/QuartzCore.framework; sourceTree = SDKROOT; };
		A482AF9D1CFFDF96009ADCFC /* CustomWindow.h */ = {isa = PBXFileReference; fileEncoding = 4; lastKnownFileType = sourcecode.c.h; path = CustomWindow.h; sourceTree = "<group>"; };
		A482AF9E1CFFDF96009ADCFC /* CustomWindow.m */ = {isa = PBXFileReference; fileEncoding = 4; lastKnownFileType = sourcecode.c.objc; path = CustomWindow.m; sourceTree = "<group>"; };
		A482AFA61D0004F6009ADCFC /* ALApplicationList.h */ = {isa = PBXFileReference; fileEncoding = 4; lastKnownFileType = sourcecode.c.h; name = ALApplicationList.h; path = /Users/jiangqin/Documents/Demo/demo/demo/ALApplicationList.h; sourceTree = "<absolute>"; };
		A482AFA71D0004F6009ADCFC /* ALApplicationTableDataSource.h */ = {isa = PBXFileReference; fileEncoding = 4; lastKnownFileType = sourcecode.c.h; name = ALApplicationTableDataSource.h; path = /Users/jiangqin/Documents/Demo/demo/demo/ALApplicationTableDataSource.h; sourceTree = "<absolute>"; };
		A482AFA81D0004F6009ADCFC /* ALValueCell.h */ = {isa = PBXFileReference; fileEncoding = 4; lastKnownFileType = sourcecode.c.h; name = ALValueCell.h; path = /Users/jiangqin/Documents/Demo/demo/demo/ALValueCell.h; sourceTree = "<absolute>"; };
		A482AFA91D0004F6009ADCFC /* AppList.h */ = {isa = PBXFileReference; fileEncoding = 4; lastKnownFileType = sourcecode.c.h; name = AppList.h; path = /Users/jiangqin/Documents/Demo/demo/demo/AppList.h; sourceTree = "<absolute>"; };
		A482AFB31D0013EC009ADCFC /* ESPopoverView.h */ = {isa = PBXFileReference; fileEncoding = 4; lastKnownFileType = sourcecode.c.h; path = ESPopoverView.h; sourceTree = "<group>"; };
		A482AFB41D0013EC009ADCFC /* ESPopoverView.m */ = {isa = PBXFileReference; fileEncoding = 4; lastKnownFileType = sourcecode.c.objc; path = ESPopoverView.m; sourceTree = "<group>"; };
		A482AFDE1D0047B6009ADCFC /* SimpleTools.app */ = {isa = PBXFileReference; explicitFileType = wrapper.application; includeInIndex = 0; path = SimpleTools.app; sourceTree = BUILT_PRODUCTS_DIR; };
		A482AFE11D0047B6009ADCFC /* main.m */ = {isa = PBXFileReference; lastKnownFileType = sourcecode.c.objc; path = main.m; sourceTree = "<group>"; };
		A482AFE31D0047B6009ADCFC /* AppDelegate.h */ = {isa = PBXFileReference; lastKnownFileType = sourcecode.c.h; path = AppDelegate.h; sourceTree = "<group>"; };
		A482AFE41D0047B6009ADCFC /* AppDelegate.m */ = {isa = PBXFileReference; lastKnownFileType = sourcecode.c.objc; path = AppDelegate.m; sourceTree = "<group>"; };
		A482AFE61D0047B6009ADCFC /* ViewController.h */ = {isa = PBXFileReference; lastKnownFileType = sourcecode.c.h; path = ViewController.h; sourceTree = "<group>"; };
		A482AFE71D0047B6009ADCFC /* ViewController.m */ = {isa = PBXFileReference; lastKnownFileType = sourcecode.c.objc; path = ViewController.m; sourceTree = "<group>"; };
		A482AFEA1D0047B6009ADCFC /* Base */ = {isa = PBXFileReference; lastKnownFileType = file.storyboard; name = Base; path = Base.lproj/Main.storyboard; sourceTree = "<group>"; };
		A482AFEC1D0047B6009ADCFC /* Assets.xcassets */ = {isa = PBXFileReference; lastKnownFileType = folder.assetcatalog; path = Assets.xcassets; sourceTree = "<group>"; };
		A482AFEF1D0047B6009ADCFC /* Base */ = {isa = PBXFileReference; lastKnownFileType = file.storyboard; name = Base; path = Base.lproj/LaunchScreen.storyboard; sourceTree = "<group>"; };
		A482AFF11D0047B6009ADCFC /* Info.plist */ = {isa = PBXFileReference; lastKnownFileType = text.plist.xml; path = Info.plist; sourceTree = "<group>"; };
		A482AFF51D004BBB009ADCFC /* libobjcipc.dylib */ = {isa = PBXFileReference; lastKnownFileType = "compiled.mach-o.dylib"; name = libobjcipc.dylib; path = ../../../../../opt/theos/lib/libobjcipc.dylib; sourceTree = "<group>"; };
		CC4BE2391D0086B200124B96 /* Define.h */ = {isa = PBXFileReference; lastKnownFileType = sourcecode.c.h; name = Define.h; path = ../Define.h; sourceTree = "<group>"; };
		CC4BE23C1D00889100124B96 /* libapplist.dylib */ = {isa = PBXFileReference; lastKnownFileType = "compiled.mach-o.dylib"; name = libapplist.dylib; path = ../../../../opt/theos/lib/libapplist.dylib; sourceTree = "<group>"; };
		CC4BE23F1D00930E00124B96 /* ActionMenu.h */ = {isa = PBXFileReference; fileEncoding = 4; lastKnownFileType = sourcecode.c.h; path = ActionMenu.h; sourceTree = "<group>"; };
		CC4BE2431D00942000124B96 /* UIResponder+AMExample.h */ = {isa = PBXFileReference; fileEncoding = 4; lastKnownFileType = sourcecode.c.h; path = "UIResponder+AMExample.h"; sourceTree = "<group>"; };
		CC4BE2441D00942000124B96 /* UIResponder+AMExample.m */ = {isa = PBXFileReference; fileEncoding = 4; lastKnownFileType = sourcecode.c.objc; path = "UIResponder+AMExample.m"; sourceTree = "<group>"; };
		CC4BE2471D00989A00124B96 /* UIDevice2.h */ = {isa = PBXFileReference; lastKnownFileType = sourcecode.c.h; path = UIDevice2.h; sourceTree = "<group>"; };
/* End PBXFileReference section */

/* Begin PBXFrameworksBuildPhase section */
		A4257E9B1CFFC5B200DACCA6 /* Frameworks */ = {
			isa = PBXFrameworksBuildPhase;
			buildActionMask = 2147483647;
			files = (
				CC4BE23D1D00889100124B96 /* libapplist.dylib in Frameworks */,
				A482B0131D004DA8009ADCFC /* libobjcipc.dylib in Frameworks */,
				A482AF9C1CFFDE98009ADCFC /* QuartzCore.framework in Frameworks */,
				A482AF9A1CFFDE6B009ADCFC /* CoreGraphics.framework in Frameworks */,
				A4257EBB1CFFC5FC00DACCA6 /* libsubstrate.dylib in Frameworks */,
				A4257EB91CFFC5CA00DACCA6 /* UIKit.framework in Frameworks */,
				A4257EA31CFFC5B200DACCA6 /* Foundation.framework in Frameworks */,
			);
			runOnlyForDeploymentPostprocessing = 0;
		};
		A482AFDB1D0047B6009ADCFC /* Frameworks */ = {
			isa = PBXFrameworksBuildPhase;
			buildActionMask = 2147483647;
			files = (
				CC4BE23E1D0088F500124B96 /* libapplist.dylib in Frameworks */,
				A482AFF61D004BBB009ADCFC /* libobjcipc.dylib in Frameworks */,
			);
			runOnlyForDeploymentPostprocessing = 0;
		};
/* End PBXFrameworksBuildPhase section */

/* Begin PBXGroup section */
		A4257E941CFFC5B200DACCA6 = {
			isa = PBXGroup;
			children = (
				A4257EA41CFFC5B200DACCA6 /* demo */,
				A482AFDF1D0047B6009ADCFC /* SimpleTools */,
				A4257EA11CFFC5B200DACCA6 /* Frameworks */,
				A4257EA01CFFC5B200DACCA6 /* Products */,
			);
			sourceTree = "<group>";
		};
		A4257EA01CFFC5B200DACCA6 /* Products */ = {
			isa = PBXGroup;
			children = (
				A4257E9F1CFFC5B200DACCA6 /* demo.dylib */,
				A482AFDE1D0047B6009ADCFC /* SimpleTools.app */,
			);
			name = Products;
			sourceTree = "<group>";
		};
		A4257EA11CFFC5B200DACCA6 /* Frameworks */ = {
			isa = PBXGroup;
			children = (
				CC4BE23C1D00889100124B96 /* libapplist.dylib */,
				A482AFF51D004BBB009ADCFC /* libobjcipc.dylib */,
				A482AF9B1CFFDE98009ADCFC /* QuartzCore.framework */,
				A482AF991CFFDE6B009ADCFC /* CoreGraphics.framework */,
				A4257EBA1CFFC5FC00DACCA6 /* libsubstrate.dylib */,
				A4257EB81CFFC5CA00DACCA6 /* UIKit.framework */,
				A4257EA21CFFC5B200DACCA6 /* Foundation.framework */,
			);
			name = Frameworks;
			sourceTree = "<group>";
		};
		A4257EA41CFFC5B200DACCA6 /* demo */ = {
			isa = PBXGroup;
			children = (
				A482AF9D1CFFDF96009ADCFC /* CustomWindow.h */,
				A482AF9E1CFFDF96009ADCFC /* CustomWindow.m */,
				CC4BE2471D00989A00124B96 /* UIDevice2.h */,
				A482AF8D1CFFDA79009ADCFC /* Entrance.h */,
				A482AF8E1CFFDA79009ADCFC /* Entrance.m */,
				A4257EAC1CFFC5B200DACCA6 /* demo.xm */,
				A4257EAD1CFFC5B200DACCA6 /* demo.mm */,
				A482AF931CFFDC4F009ADCFC /* MainViewController.h */,
				A482AF941CFFDC4F009ADCFC /* MainViewController.m */,
				A482AFB31D0013EC009ADCFC /* ESPopoverView.h */,
				A482AFB41D0013EC009ADCFC /* ESPopoverView.m */,
				CC4BE23F1D00930E00124B96 /* ActionMenu.h */,
				CC4BE2431D00942000124B96 /* UIResponder+AMExample.h */,
				CC4BE2441D00942000124B96 /* UIResponder+AMExample.m */,
				A4257EA51CFFC5B200DACCA6 /* Package */,
				A4257EA91CFFC5B200DACCA6 /* Supporting Files */,
			);
			path = demo;
			sourceTree = "<group>";
		};
		A4257EA51CFFC5B200DACCA6 /* Package */ = {
			isa = PBXGroup;
			children = (
				A4257EA61CFFC5B200DACCA6 /* DEBIAN */,
				A4257EAF1CFFC5B200DACCA6 /* Library */,
			);
			name = Package;
			sourceTree = "<group>";
		};
		A4257EA61CFFC5B200DACCA6 /* DEBIAN */ = {
			isa = PBXGroup;
			children = (
				A4257EA71CFFC5B200DACCA6 /* control.txt */,
				A4257EA81CFFC5B200DACCA6 /* control */,
			);
			name = DEBIAN;
			sourceTree = "<group>";
		};
		A4257EA91CFFC5B200DACCA6 /* Supporting Files */ = {
			isa = PBXGroup;
			children = (
				A4257EAA1CFFC5B200DACCA6 /* PackageVersion.plist */,
				A4257EAB1CFFC5B200DACCA6 /* demo-Prefix.pch */,
			);
			name = "Supporting Files";
			sourceTree = "<group>";
		};
		A4257EAF1CFFC5B200DACCA6 /* Library */ = {
			isa = PBXGroup;
			children = (
				A4257EB01CFFC5B200DACCA6 /* MobileSubstrate */,
			);
			name = Library;
			sourceTree = "<group>";
		};
		A4257EB01CFFC5B200DACCA6 /* MobileSubstrate */ = {
			isa = PBXGroup;
			children = (
				A4257EB11CFFC5B200DACCA6 /* DynamicLibraries */,
			);
			name = MobileSubstrate;
			sourceTree = "<group>";
		};
		A4257EB11CFFC5B200DACCA6 /* DynamicLibraries */ = {
			isa = PBXGroup;
			children = (
				A4257EB21CFFC5B200DACCA6 /* demo.plist */,
			);
			name = DynamicLibraries;
			sourceTree = "<group>";
		};
		A482AFDF1D0047B6009ADCFC /* SimpleTools */ = {
			isa = PBXGroup;
			children = (
				CC4BE2391D0086B200124B96 /* Define.h */,
				A482AFE31D0047B6009ADCFC /* AppDelegate.h */,
				A482AFE41D0047B6009ADCFC /* AppDelegate.m */,
				A482AFE61D0047B6009ADCFC /* ViewController.h */,
				A482AFE71D0047B6009ADCFC /* ViewController.m */,
				A482AFE91D0047B6009ADCFC /* Main.storyboard */,
				A482AFEC1D0047B6009ADCFC /* Assets.xcassets */,
				A482AFEE1D0047B6009ADCFC /* LaunchScreen.storyboard */,
				A482AFF11D0047B6009ADCFC /* Info.plist */,
				A482AFE01D0047B6009ADCFC /* Supporting Files */,
			);
			path = SimpleTools;
			sourceTree = "<group>";
		};
		A482AFE01D0047B6009ADCFC /* Supporting Files */ = {
			isa = PBXGroup;
			children = (
				A482AFE11D0047B6009ADCFC /* main.m */,
			);
			name = "Supporting Files";
			sourceTree = "<group>";
		};
/* End PBXGroup section */

/* Begin PBXHeadersBuildPhase section */
		A4257E9C1CFFC5B200DACCA6 /* Headers */ = {
			isa = PBXHeadersBuildPhase;
			buildActionMask = 2147483647;
			files = (
				A482AF8F1CFFDA79009ADCFC /* Entrance.h in Headers */,
				A482AFAB1D0004F6009ADCFC /* ALApplicationTableDataSource.h in Headers */,
				CC4BE2451D00942000124B96 /* UIResponder+AMExample.h in Headers */,
				A482AF971CFFDC4F009ADCFC /* MainViewController.h in Headers */,
				A482AFB51D0013EC009ADCFC /* ESPopoverView.h in Headers */,
				A482AFAA1D0004F6009ADCFC /* ALApplicationList.h in Headers */,
				A482AFAD1D0004F6009ADCFC /* AppList.h in Headers */,
				A482AF9F1CFFDF96009ADCFC /* CustomWindow.h in Headers */,
				A482AFAC1D0004F6009ADCFC /* ALValueCell.h in Headers */,
				CC4BE2411D00930E00124B96 /* ActionMenu.h in Headers */,
			);
			runOnlyForDeploymentPostprocessing = 0;
		};
/* End PBXHeadersBuildPhase section */

/* Begin PBXNativeTarget section */
		A4257E9E1CFFC5B200DACCA6 /* demo */ = {
			isa = PBXNativeTarget;
			buildConfigurationList = A4257EB51CFFC5B200DACCA6 /* Build configuration list for PBXNativeTarget "demo" */;
			buildPhases = (
				A4257E991CFFC5B200DACCA6 /* ShellScript */,
				A4257E9A1CFFC5B200DACCA6 /* Sources */,
				A4257E9B1CFFC5B200DACCA6 /* Frameworks */,
				A4257E9C1CFFC5B200DACCA6 /* Headers */,
				A4257E9D1CFFC5B200DACCA6 /* ShellScript */,
			);
			buildRules = (
			);
			dependencies = (
			);
			name = demo;
			productName = demo;
			productReference = A4257E9F1CFFC5B200DACCA6 /* demo.dylib */;
			productType = "com.apple.product-type.library.dynamic";
		};
		A482AFDD1D0047B6009ADCFC /* SimpleTools */ = {
			isa = PBXNativeTarget;
			buildConfigurationList = A482AFF41D0047B6009ADCFC /* Build configuration list for PBXNativeTarget "SimpleTools" */;
			buildPhases = (
				A482AFDA1D0047B6009ADCFC /* Sources */,
				A482AFDB1D0047B6009ADCFC /* Frameworks */,
				A482AFDC1D0047B6009ADCFC /* Resources */,
			);
			buildRules = (
			);
			dependencies = (
			);
			name = SimpleTools;
			productName = SimpleTools;
			productReference = A482AFDE1D0047B6009ADCFC /* SimpleTools.app */;
			productType = "com.apple.product-type.application";
		};
/* End PBXNativeTarget section */

/* Begin PBXProject section */
		A4257E951CFFC5B200DACCA6 /* Project object */ = {
			isa = PBXProject;
			attributes = {
				LastUpgradeCheck = 0730;
				TargetAttributes = {
					A4257E9E1CFFC5B200DACCA6 = {
						CreatedOnToolsVersion = 7.3;
					};
					A482AFDD1D0047B6009ADCFC = {
						CreatedOnToolsVersion = 7.3;
						DevelopmentTeam = 79AY49NWEC;
					};
				};
			};
			buildConfigurationList = A4257E981CFFC5B200DACCA6 /* Build configuration list for PBXProject "demo" */;
			compatibilityVersion = "Xcode 3.2";
			developmentRegion = English;
			hasScannedForEncodings = 0;
			knownRegions = (
				en,
				Base,
			);
			mainGroup = A4257E941CFFC5B200DACCA6;
			productRefGroup = A4257EA01CFFC5B200DACCA6 /* Products */;
			projectDirPath = "";
			projectRoot = "";
			targets = (
				A4257E9E1CFFC5B200DACCA6 /* demo */,
				A482AFDD1D0047B6009ADCFC /* SimpleTools */,
			);
		};
/* End PBXProject section */

/* Begin PBXResourcesBuildPhase section */
		A482AFDC1D0047B6009ADCFC /* Resources */ = {
			isa = PBXResourcesBuildPhase;
			buildActionMask = 2147483647;
			files = (
				A482AFF01D0047B6009ADCFC /* LaunchScreen.storyboard in Resources */,
				A482AFED1D0047B6009ADCFC /* Assets.xcassets in Resources */,
				A482AFEB1D0047B6009ADCFC /* Main.storyboard in Resources */,
			);
			runOnlyForDeploymentPostprocessing = 0;
		};
/* End PBXResourcesBuildPhase section */

/* Begin PBXShellScriptBuildPhase section */
		A4257E991CFFC5B200DACCA6 /* ShellScript */ = {
			isa = PBXShellScriptBuildPhase;
			buildActionMask = 2147483647;
			files = (
			);
			inputPaths = (
			);
			outputPaths = (
			);
			runOnlyForDeploymentPostprocessing = 0;
			shellPath = /bin/sh;
			shellScript = "/opt/iOSOpenDev/bin/iosod --xcbp-logos";
		};
		A4257E9D1CFFC5B200DACCA6 /* ShellScript */ = {
			isa = PBXShellScriptBuildPhase;
			buildActionMask = 2147483647;
			files = (
			);
			inputPaths = (
			);
			outputPaths = (
			);
			runOnlyForDeploymentPostprocessing = 0;
			shellPath = /bin/sh;
			shellScript = "/opt/iOSOpenDev/bin/iosod --xcbp";
		};
/* End PBXShellScriptBuildPhase section */

/* Begin PBXSourcesBuildPhase section */
		A4257E9A1CFFC5B200DACCA6 /* Sources */ = {
			isa = PBXSourcesBuildPhase;
			buildActionMask = 2147483647;
			files = (
				A482AFB61D0013EC009ADCFC /* ESPopoverView.m in Sources */,
				A482AFA01CFFDF96009ADCFC /* CustomWindow.m in Sources */,
				A4257EAE1CFFC5B200DACCA6 /* demo.mm in Sources */,
				A482AF901CFFDA79009ADCFC /* Entrance.m in Sources */,
				A482AF981CFFDC4F009ADCFC /* MainViewController.m in Sources */,
				CC4BE2461D00942000124B96 /* UIResponder+AMExample.m in Sources */,
			);
			runOnlyForDeploymentPostprocessing = 0;
		};
		A482AFDA1D0047B6009ADCFC /* Sources */ = {
			isa = PBXSourcesBuildPhase;
			buildActionMask = 2147483647;
			files = (
				A482AFE81D0047B6009ADCFC /* ViewController.m in Sources */,
				A482AFE51D0047B6009ADCFC /* AppDelegate.m in Sources */,
				A482AFE21D0047B6009ADCFC /* main.m in Sources */,
			);
			runOnlyForDeploymentPostprocessing = 0;
		};
/* End PBXSourcesBuildPhase section */

/* Begin PBXVariantGroup section */
		A482AFE91D0047B6009ADCFC /* Main.storyboard */ = {
			isa = PBXVariantGroup;
			children = (
				A482AFEA1D0047B6009ADCFC /* Base */,
			);
			name = Main.storyboard;
			sourceTree = "<group>";
		};
		A482AFEE1D0047B6009ADCFC /* LaunchScreen.storyboard */ = {
			isa = PBXVariantGroup;
			children = (
				A482AFEF1D0047B6009ADCFC /* Base */,
			);
			name = LaunchScreen.storyboard;
			sourceTree = "<group>";
		};
/* End PBXVariantGroup section */

/* Begin XCBuildConfiguration section */
		A4257EB31CFFC5B200DACCA6 /* Debug */ = {
			isa = XCBuildConfiguration;
			buildSettings = {
				COPY_PHASE_STRIP = NO;
				EXCLUDED_RECURSIVE_SEARCH_PATH_SUBDIRECTORIES = "*.nib *.lproj *.gch (*) .DS_Store CVS .svn .git .hg *.xcodeproj *.xcode *.pbproj *.pbxproj";
				FRAMEWORK_SEARCH_PATHS = (
					"$(iOSOpenDevPath)/frameworks/**",
					"$(SDKROOT)/System/Library/PrivateFrameworks",
				);
				GCC_C_LANGUAGE_STANDARD = gnu99;
				GCC_DYNAMIC_NO_PIC = NO;
				GCC_OPTIMIZATION_LEVEL = 0;
				GCC_PREPROCESSOR_DEFINITIONS = (
					"DEBUG=1",
					"$(inherited)",
				);
				GCC_SYMBOLS_PRIVATE_EXTERN = NO;
				GCC_WARN_ABOUT_MISSING_PROTOTYPES = YES;
				GCC_WARN_ABOUT_RETURN_TYPE = YES;
				GCC_WARN_UNUSED_VARIABLE = YES;
				HEADER_SEARCH_PATHS = "$(iOSOpenDevPath)/include/**";
				IPHONEOS_DEPLOYMENT_TARGET = 9.1;
				LIBRARY_SEARCH_PATHS = "$(iOSOpenDevPath)/lib/**";
				SDKROOT = iphoneos;
				TARGETED_DEVICE_FAMILY = "1,2";
				VALIDATE_PRODUCT = NO;
				iOSOpenDevPath = /opt/iOSOpenDev;
			};
			name = Debug;
		};
		A4257EB41CFFC5B200DACCA6 /* Release */ = {
			isa = XCBuildConfiguration;
			buildSettings = {
				COPY_PHASE_STRIP = YES;
				EXCLUDED_RECURSIVE_SEARCH_PATH_SUBDIRECTORIES = "*.nib *.lproj *.gch (*) .DS_Store CVS .svn .git .hg *.xcodeproj *.xcode *.pbproj *.pbxproj";
				FRAMEWORK_SEARCH_PATHS = (
					"$(iOSOpenDevPath)/frameworks/**",
					"$(SDKROOT)/System/Library/PrivateFrameworks",
				);
				GCC_C_LANGUAGE_STANDARD = gnu99;
				GCC_WARN_ABOUT_MISSING_PROTOTYPES = YES;
				GCC_WARN_ABOUT_RETURN_TYPE = YES;
				GCC_WARN_UNUSED_VARIABLE = YES;
				HEADER_SEARCH_PATHS = "$(iOSOpenDevPath)/include/**";
				IPHONEOS_DEPLOYMENT_TARGET = 9.1;
				LIBRARY_SEARCH_PATHS = "$(iOSOpenDevPath)/lib/**";
				SDKROOT = iphoneos;
				TARGETED_DEVICE_FAMILY = "1,2";
				VALIDATE_PRODUCT = YES;
				iOSOpenDevPath = /opt/iOSOpenDev;
			};
			name = Release;
		};
		A4257EB61CFFC5B200DACCA6 /* Debug */ = {
			isa = XCBuildConfiguration;
			buildSettings = {
				CLANG_ENABLE_OBJC_WEAK = NO;
				CODE_SIGN_IDENTITY = "";
				DYLIB_COMPATIBILITY_VERSION = 1;
				DYLIB_CURRENT_VERSION = 1;
				GCC_PRECOMPILE_PREFIX_HEADER = YES;
				GCC_PREFIX_HEADER = "demo/demo-Prefix.pch";
				HEADER_SEARCH_PATHS = (
					"$(iOSOpenDevPath)/include/**",
					"/opt/theos/include/**",
				);
				INSTALL_PATH = /Library/MobileSubstrate/DynamicLibraries;
				LIBRARY_SEARCH_PATHS = (
					"$(inherited)",
					/opt/iOSOpenDev/lib,
					/opt/theos/lib,
				);
				PRODUCT_NAME = "$(TARGET_NAME)";
				iOSOpenDevBuildPackageOnAnyBuild = NO;
				iOSOpenDevCopyOnBuild = NO;
				iOSOpenDevDevice = 192.168.2.6;
				iOSOpenDevInstallOnAnyBuild = NO;
				iOSOpenDevInstallOnProfiling = YES;
				iOSOpenDevRespringOnInstall = YES;
				iOSOpenDevUsePackageVersionPList = YES;
			};
			name = Debug;
		};
		A4257EB71CFFC5B200DACCA6 /* Release */ = {
			isa = XCBuildConfiguration;
			buildSettings = {
				CLANG_ENABLE_OBJC_WEAK = NO;
				CODE_SIGN_IDENTITY = "";
				DYLIB_COMPATIBILITY_VERSION = 1;
				DYLIB_CURRENT_VERSION = 1;
				GCC_PRECOMPILE_PREFIX_HEADER = YES;
				GCC_PREFIX_HEADER = "demo/demo-Prefix.pch";
				HEADER_SEARCH_PATHS = (
					"$(iOSOpenDevPath)/include/**",
					"/opt/theos/include/**",
				);
				INSTALL_PATH = /Library/MobileSubstrate/DynamicLibraries;
				LIBRARY_SEARCH_PATHS = (
					"$(inherited)",
					/opt/iOSOpenDev/lib,
					/opt/theos/lib,
				);
				PRODUCT_NAME = "$(TARGET_NAME)";
				iOSOpenDevBuildPackageOnAnyBuild = NO;
				iOSOpenDevCopyOnBuild = NO;
				iOSOpenDevDevice = 192.168.2.6;
				iOSOpenDevInstallOnAnyBuild = NO;
				iOSOpenDevInstallOnProfiling = YES;
				iOSOpenDevRespringOnInstall = YES;
				iOSOpenDevUsePackageVersionPList = YES;
			};
			name = Release;
		};
		A482AFF21D0047B6009ADCFC /* Debug */ = {
			isa = XCBuildConfiguration;
			buildSettings = {
				ALWAYS_SEARCH_USER_PATHS = NO;
				ASSETCATALOG_COMPILER_APPICON_NAME = AppIcon;
				CLANG_ANALYZER_NONNULL = YES;
				CLANG_CXX_LANGUAGE_STANDARD = "gnu++0x";
				CLANG_CXX_LIBRARY = "libc++";
				CLANG_ENABLE_MODULES = YES;
				CLANG_ENABLE_OBJC_ARC = YES;
				CLANG_WARN_BOOL_CONVERSION = YES;
				CLANG_WARN_CONSTANT_CONVERSION = YES;
				CLANG_WARN_DIRECT_OBJC_ISA_USAGE = YES_ERROR;
				CLANG_WARN_EMPTY_BODY = YES;
				CLANG_WARN_ENUM_CONVERSION = YES;
				CLANG_WARN_INT_CONVERSION = YES;
				CLANG_WARN_OBJC_ROOT_CLASS = YES_ERROR;
				CLANG_WARN_UNREACHABLE_CODE = YES;
				CLANG_WARN__DUPLICATE_METHOD_MATCH = YES;
				CODE_SIGN_IDENTITY = "iPhone Developer";
				"CODE_SIGN_IDENTITY[sdk=iphoneos*]" = "iPhone Developer";
				DEBUG_INFORMATION_FORMAT = dwarf;
				ENABLE_STRICT_OBJC_MSGSEND = YES;
				ENABLE_TESTABILITY = YES;
				GCC_NO_COMMON_BLOCKS = YES;
				GCC_WARN_64_TO_32_BIT_CONVERSION = YES;
				GCC_WARN_ABOUT_RETURN_TYPE = YES_ERROR;
				GCC_WARN_UNDECLARED_SELECTOR = YES;
				GCC_WARN_UNINITIALIZED_AUTOS = YES_AGGRESSIVE;
				GCC_WARN_UNUSED_FUNCTION = YES;
				HEADER_SEARCH_PATHS = (
					"$(iOSOpenDevPath)/include/**",
					"/opt/theos/include/**",
				);
				INFOPLIST_FILE = SimpleTools/Info.plist;
				IPHONEOS_DEPLOYMENT_TARGET = 8.0;
				LD_RUNPATH_SEARCH_PATHS = "$(inherited) @executable_path/Frameworks";
				LIBRARY_SEARCH_PATHS = (
					"$(inherited)",
					/opt/theos/lib,
					"$(PROJECT_DIR)/SimpleTools",
				);
				MTL_ENABLE_DEBUG_INFO = YES;
				ONLY_ACTIVE_ARCH = YES;
				PRODUCT_BUNDLE_IDENTIFIER = com.mopellet.SimpleTools;
				PRODUCT_NAME = "$(TARGET_NAME)";
				PROVISIONING_PROFILE = "";
			};
			name = Debug;
		};
		A482AFF31D0047B6009ADCFC /* Release */ = {
			isa = XCBuildConfiguration;
			buildSettings = {
				ALWAYS_SEARCH_USER_PATHS = NO;
				ASSETCATALOG_COMPILER_APPICON_NAME = AppIcon;
				CLANG_ANALYZER_NONNULL = YES;
				CLANG_CXX_LANGUAGE_STANDARD = "gnu++0x";
				CLANG_CXX_LIBRARY = "libc++";
				CLANG_ENABLE_MODULES = YES;
				CLANG_ENABLE_OBJC_ARC = YES;
				CLANG_WARN_BOOL_CONVERSION = YES;
				CLANG_WARN_CONSTANT_CONVERSION = YES;
				CLANG_WARN_DIRECT_OBJC_ISA_USAGE = YES_ERROR;
				CLANG_WARN_EMPTY_BODY = YES;
				CLANG_WARN_ENUM_CONVERSION = YES;
				CLANG_WARN_INT_CONVERSION = YES;
				CLANG_WARN_OBJC_ROOT_CLASS = YES_ERROR;
				CLANG_WARN_UNREACHABLE_CODE = YES;
				CLANG_WARN__DUPLICATE_METHOD_MATCH = YES;
				CODE_SIGN_IDENTITY = "iPhone Developer";
				"CODE_SIGN_IDENTITY[sdk=iphoneos*]" = "iPhone Developer";
				COPY_PHASE_STRIP = NO;
				DEBUG_INFORMATION_FORMAT = "dwarf-with-dsym";
				ENABLE_NS_ASSERTIONS = NO;
				ENABLE_STRICT_OBJC_MSGSEND = YES;
				GCC_NO_COMMON_BLOCKS = YES;
				GCC_WARN_64_TO_32_BIT_CONVERSION = YES;
				GCC_WARN_ABOUT_RETURN_TYPE = YES_ERROR;
				GCC_WARN_UNDECLARED_SELECTOR = YES;
				GCC_WARN_UNINITIALIZED_AUTOS = YES_AGGRESSIVE;
				GCC_WARN_UNUSED_FUNCTION = YES;
				HEADER_SEARCH_PATHS = (
					"$(iOSOpenDevPath)/include/**",
					"/opt/theos/include/**",
				);
				INFOPLIST_FILE = SimpleTools/Info.plist;
				IPHONEOS_DEPLOYMENT_TARGET = 8.0;
				LD_RUNPATH_SEARCH_PATHS = "$(inherited) @executable_path/Frameworks";
				LIBRARY_SEARCH_PATHS = (
					"$(inherited)",
					/opt/theos/lib,
					"$(PROJECT_DIR)/SimpleTools",
				);
				MTL_ENABLE_DEBUG_INFO = NO;
				PRODUCT_BUNDLE_IDENTIFIER = com.mopellet.SimpleTools;
				PRODUCT_NAME = "$(TARGET_NAME)";
				PROVISIONING_PROFILE = "";
			};
			name = Release;
		};
/* End XCBuildConfiguration section */

/* Begin XCConfigurationList section */
		A4257E981CFFC5B200DACCA6 /* Build configuration list for PBXProject "demo" */ = {
			isa = XCConfigurationList;
			buildConfigurations = (
				A4257EB31CFFC5B200DACCA6 /* Debug */,
				A4257EB41CFFC5B200DACCA6 /* Release */,
			);
			defaultConfigurationIsVisible = 0;
			defaultConfigurationName = Release;
		};
		A4257EB51CFFC5B200DACCA6 /* Build configuration list for PBXNativeTarget "demo" */ = {
			isa = XCConfigurationList;
			buildConfigurations = (
				A4257EB61CFFC5B200DACCA6 /* Debug */,
				A4257EB71CFFC5B200DACCA6 /* Release */,
			);
			defaultConfigurationIsVisible = 0;
			defaultConfigurationName = Release;
		};
		A482AFF41D0047B6009ADCFC /* Build configuration list for PBXNativeTarget "SimpleTools" */ = {
			isa = XCConfigurationList;
			buildConfigurations = (
				A482AFF21D0047B6009ADCFC /* Debug */,
				A482AFF31D0047B6009ADCFC /* Release */,
			);
			defaultConfigurationIsVisible = 0;
			defaultConfigurationName = Release;
		};
/* End XCConfigurationList section */
	};
	rootObject = A4257E951CFFC5B200DACCA6 /* Project object */;
}
